// !$*UTF8*$!
{
	archiveVersion = 1;
	classes = {
	};
	objectVersion = 56;
	objects = {

/* Begin PBXBuildFile section */
		D33A95172A3B7D4600411B25 /* AppDelegate.swift in Sources */ = {isa = PBXBuildFile; fileRef = D33A95162A3B7D4600411B25 /* AppDelegate.swift */; };
		D33A95192A3B7D4600411B25 /* SceneDelegate.swift in Sources */ = {isa = PBXBuildFile; fileRef = D33A95182A3B7D4600411B25 /* SceneDelegate.swift */; };
		D33A951B2A3B7D4600411B25 /* ViewController.swift in Sources */ = {isa = PBXBuildFile; fileRef = D33A951A2A3B7D4600411B25 /* ViewController.swift */; };
		D33A951E2A3B7D4600411B25 /* Main.storyboard in Resources */ = {isa = PBXBuildFile; fileRef = D33A951C2A3B7D4600411B25 /* Main.storyboard */; };
		D33A95202A3B7D4C00411B25 /* Assets.xcassets in Resources */ = {isa = PBXBuildFile; fileRef = D33A951F2A3B7D4C00411B25 /* Assets.xcassets */; };
		D33A95232A3B7D4C00411B25 /* LaunchScreen.storyboard in Resources */ = {isa = PBXBuildFile; fileRef = D33A95212A3B7D4C00411B25 /* LaunchScreen.storyboard */; };
		D33A952E2A3B7D4C00411B25 /* First_ProjectTests.swift in Sources */ = {isa = PBXBuildFile; fileRef = D33A952D2A3B7D4C00411B25 /* First_ProjectTests.swift */; };
		D33A95382A3B7D4C00411B25 /* First_ProjectUITests.swift in Sources */ = {isa = PBXBuildFile; fileRef = D33A95372A3B7D4C00411B25 /* First_ProjectUITests.swift */; };
		D33A953A2A3B7D4C00411B25 /* First_ProjectUITestsLaunchTests.swift in Sources */ = {isa = PBXBuildFile; fileRef = D33A95392A3B7D4C00411B25 /* First_ProjectUITestsLaunchTests.swift */; };
/* End PBXBuildFile section */

/* Begin PBXContainerItemProxy section */
		D33A952A2A3B7D4C00411B25 /* PBXContainerItemProxy */ = {
			isa = PBXContainerItemProxy;
			containerPortal = D33A950B2A3B7D4600411B25 /* Project object */;
			proxyType = 1;
			remoteGlobalIDString = D33A95122A3B7D4600411B25;
			remoteInfo = "First Project";
		};
		D33A95342A3B7D4C00411B25 /* PBXContainerItemProxy */ = {
			isa = PBXContainerItemProxy;
			containerPortal = D33A950B2A3B7D4600411B25 /* Project object */;
			proxyType = 1;
			remoteGlobalIDString = D33A95122A3B7D4600411B25;
			remoteInfo = "First Project";
		};
/* End PBXContainerItemProxy section */

/* Begin PBXFileReference section */
		D33A95132A3B7D4600411B25 /* First Project.app */ = {isa = PBXFileReference; explicitFileType = wrapper.application; includeInIndex = 0; path = "First Project.app"; sourceTree = BUILT_PRODUCTS_DIR; };
		D33A95162A3B7D4600411B25 /* AppDelegate.swift */ = {isa = PBXFileReference; lastKnownFileType = sourcecode.swift; path = AppDelegate.swift; sourceTree = "<group>"; };
		D33A95182A3B7D4600411B25 /* SceneDelegate.swift */ = {isa = PBXFileReference; lastKnownFileType = sourcecode.swift; path = SceneDelegate.swift; sourceTree = "<group>"; };
		D33A951A2A3B7D4600411B25 /* ViewController.swift */ = {isa = PBXFileReference; lastKnownFileType = sourcecode.swift; path = ViewController.swift; sourceTree = "<group>"; };
		D33A951D2A3B7D4600411B25 /* Base */ = {isa = PBXFileReference; lastKnownFileType = file.storyboard; name = Base; path = Base.lproj/Main.storyboard; sourceTree = "<group>"; };
		D33A951F2A3B7D4C00411B25 /* Assets.xcassets */ = {isa = PBXFileReference; lastKnownFileType = folder.assetcatalog; path = Assets.xcassets; sourceTree = "<group>"; };
		D33A95222A3B7D4C00411B25 /* Base */ = {isa = PBXFileReference; lastKnownFileType = file.storyboard; name = Base; path = Base.lproj/LaunchScreen.storyboard; sourceTree = "<group>"; };
		D33A95242A3B7D4C00411B25 /* Info.plist */ = {isa = PBXFileReference; lastKnownFileType = text.plist.xml; path = Info.plist; sourceTree = "<group>"; };
		D33A95292A3B7D4C00411B25 /* First ProjectTests.xctest */ = {isa = PBXFileReference; explicitFileType = wrapper.cfbundle; includeInIndex = 0; path = "First ProjectTests.xctest"; sourceTree = BUILT_PRODUCTS_DIR; };
		D33A952D2A3B7D4C00411B25 /* First_ProjectTests.swift */ = {isa = PBXFileReference; lastKnownFileType = sourcecode.swift; path = First_ProjectTests.swift; sourceTree = "<group>"; };
		D33A95332A3B7D4C00411B25 /* First ProjectUITests.xctest */ = {isa = PBXFileReference; explicitFileType = wrapper.cfbundle; includeInIndex = 0; path = "First ProjectUITests.xctest"; sourceTree = BUILT_PRODUCTS_DIR; };
		D33A95372A3B7D4C00411B25 /* First_ProjectUITests.swift */ = {isa = PBXFileReference; lastKnownFileType = sourcecode.swift; path = First_ProjectUITests.swift; sourceTree = "<group>"; };
		D33A95392A3B7D4C00411B25 /* First_ProjectUITestsLaunchTests.swift */ = {isa = PBXFileReference; lastKnownFileType = sourcecode.swift; path = First_ProjectUITestsLaunchTests.swift; sourceTree = "<group>"; };
/* End PBXFileReference section */

/* Begin PBXFrameworksBuildPhase section */
		D33A95102A3B7D4600411B25 /* Frameworks */ = {
			isa = PBXFrameworksBuildPhase;
			buildActionMask = 2147483647;
			files = (
			);
			runOnlyForDeploymentPostprocessing = 0;
		};
		D33A95262A3B7D4C00411B25 /* Frameworks */ = {
			isa = PBXFrameworksBuildPhase;
			buildActionMask = 2147483647;
			files = (
			);
			runOnlyForDeploymentPostprocessing = 0;
		};
		D33A95302A3B7D4C00411B25 /* Frameworks */ = {
			isa = PBXFrameworksBuildPhase;
			buildActionMask = 2147483647;
			files = (
			);
			runOnlyForDeploymentPostprocessing = 0;
		};
/* End PBXFrameworksBuildPhase section */

/* Begin PBXGroup section */
		D33A950A2A3B7D4600411B25 = {
			isa = PBXGroup;
			children = (
				D33A95152A3B7D4600411B25 /* First Project */,
				D33A952C2A3B7D4C00411B25 /* First ProjectTests */,
				D33A95362A3B7D4C00411B25 /* First ProjectUITests */,
				D33A95142A3B7D4600411B25 /* Products */,
			);
			sourceTree = "<group>";
		};
		D33A95142A3B7D4600411B25 /* Products */ = {
			isa = PBXGroup;
			children = (
				D33A95132A3B7D4600411B25 /* First Project.app */,
				D33A95292A3B7D4C00411B25 /* First ProjectTests.xctest */,
				D33A95332A3B7D4C00411B25 /* First ProjectUITests.xctest */,
			);
			name = Products;
			sourceTree = "<group>";
		};
		D33A95152A3B7D4600411B25 /* First Project */ = {
			isa = PBXGroup;
			children = (
				D33A95162A3B7D4600411B25 /* AppDelegate.swift */,
				D33A95182A3B7D4600411B25 /* SceneDelegate.swift */,
				D33A951A2A3B7D4600411B25 /* ViewController.swift */,
				D33A951C2A3B7D4600411B25 /* Main.storyboard */,
				D33A951F2A3B7D4C00411B25 /* Assets.xcassets */,
				D33A95212A3B7D4C00411B25 /* LaunchScreen.storyboard */,
				D33A95242A3B7D4C00411B25 /* Info.plist */,
			);
			path = "First Project";
			sourceTree = "<group>";
		};
		D33A952C2A3B7D4C00411B25 /* First ProjectTests */ = {
			isa = PBXGroup;
			children = (
				D33A952D2A3B7D4C00411B25 /* First_ProjectTests.swift */,
			);
			path = "First ProjectTests";
			sourceTree = "<group>";
		};
		D33A95362A3B7D4C00411B25 /* First ProjectUITests */ = {
			isa = PBXGroup;
			children = (
				D33A95372A3B7D4C00411B25 /* First_ProjectUITests.swift */,
				D33A95392A3B7D4C00411B25 /* First_ProjectUITestsLaunchTests.swift */,
			);
			path = "First ProjectUITests";
			sourceTree = "<group>";
		};
/* End PBXGroup section */

/* Begin PBXNativeTarget section */
		D33A95122A3B7D4600411B25 /* First Project */ = {
			isa = PBXNativeTarget;
			buildConfigurationList = D33A953D2A3B7D4C00411B25 /* Build configuration list for PBXNativeTarget "First Project" */;
			buildPhases = (
				D33A950F2A3B7D4600411B25 /* Sources */,
				D33A95102A3B7D4600411B25 /* Frameworks */,
				D33A95112A3B7D4600411B25 /* Resources */,
			);
			buildRules = (
			);
			dependencies = (
			);
			name = "First Project";
			productName = "First Project";
			productReference = D33A95132A3B7D4600411B25 /* First Project.app */;
			productType = "com.apple.product-type.application";
		};
		D33A95282A3B7D4C00411B25 /* First ProjectTests */ = {
			isa = PBXNativeTarget;
			buildConfigurationList = D33A95402A3B7D4C00411B25 /* Build configuration list for PBXNativeTarget "First ProjectTests" */;
			buildPhases = (
				D33A95252A3B7D4C00411B25 /* Sources */,
				D33A95262A3B7D4C00411B25 /* Frameworks */,
				D33A95272A3B7D4C00411B25 /* Resources */,
			);
			buildRules = (
			);
			dependencies = (
				D33A952B2A3B7D4C00411B25 /* PBXTargetDependency */,
			);
			name = "First ProjectTests";
			productName = "First ProjectTests";
			productReference = D33A95292A3B7D4C00411B25 /* First ProjectTests.xctest */;
			productType = "com.apple.product-type.bundle.unit-test";
		};
		D33A95322A3B7D4C00411B25 /* First ProjectUITests */ = {
			isa = PBXNativeTarget;
			buildConfigurationList = D33A95432A3B7D4C00411B25 /* Build configuration list for PBXNativeTarget "First ProjectUITests" */;
			buildPhases = (
				D33A952F2A3B7D4C00411B25 /* Sources */,
				D33A95302A3B7D4C00411B25 /* Frameworks */,
				D33A95312A3B7D4C00411B25 /* Resources */,
			);
			buildRules = (
			);
			dependencies = (
				D33A95352A3B7D4C00411B25 /* PBXTargetDependency */,
			);
			name = "First ProjectUITests";
			productName = "First ProjectUITests";
			productReference = D33A95332A3B7D4C00411B25 /* First ProjectUITests.xctest */;
			productType = "com.apple.product-type.bundle.ui-testing";
		};
/* End PBXNativeTarget section */

/* Begin PBXProject section */
		D33A950B2A3B7D4600411B25 /* Project object */ = {
			isa = PBXProject;
			attributes = {
				BuildIndependentTargetsInParallel = 1;
				LastSwiftUpdateCheck = 1430;
				LastUpgradeCheck = 1430;
				TargetAttributes = {
					D33A95122A3B7D4600411B25 = {
						CreatedOnToolsVersion = 14.3;
					};
					D33A95282A3B7D4C00411B25 = {
						CreatedOnToolsVersion = 14.3;
						TestTargetID = D33A95122A3B7D4600411B25;
					};
					D33A95322A3B7D4C00411B25 = {
						CreatedOnToolsVersion = 14.3;
						TestTargetID = D33A95122A3B7D4600411B25;
					};
				};
			};
			buildConfigurationList = D33A950E2A3B7D4600411B25 /* Build configuration list for PBXProject "First Project" */;
			compatibilityVersion = "Xcode 14.0";
			developmentRegion = en;
			hasScannedForEncodings = 0;
			knownRegions = (
				en,
				Base,
			);
			mainGroup = D33A950A2A3B7D4600411B25;
			productRefGroup = D33A95142A3B7D4600411B25 /* Products */;
			projectDirPath = "";
			projectRoot = "";
			targets = (
				D33A95122A3B7D4600411B25 /* First Project */,
				D33A95282A3B7D4C00411B25 /* First ProjectTests */,
				D33A95322A3B7D4C00411B25 /* First ProjectUITests */,
			);
		};
/* End PBXProject section */

/* Begin PBXResourcesBuildPhase section */
		D33A95112A3B7D4600411B25 /* Resources */ = {
			isa = PBXResourcesBuildPhase;
			buildActionMask = 2147483647;
			files = (
				D33A95232A3B7D4C00411B25 /* LaunchScreen.storyboard in Resources */,
				D33A95202A3B7D4C00411B25 /* Assets.xcassets in Resources */,
				D33A951E2A3B7D4600411B25 /* Main.storyboard in Resources */,
			);
			runOnlyForDeploymentPostprocessing = 0;
		};
		D33A95272A3B7D4C00411B25 /* Resources */ = {
			isa = PBXResourcesBuildPhase;
			buildActionMask = 2147483647;
			files = (
			);
			runOnlyForDeploymentPostprocessing = 0;
		};
		D33A95312A3B7D4C00411B25 /* Resources */ = {
			isa = PBXResourcesBuildPhase;
			buildActionMask = 2147483647;
			files = (
			);
			runOnlyForDeploymentPostprocessing = 0;
		};
/* End PBXResourcesBuildPhase section */

/* Begin PBXSourcesBuildPhase section */
		D33A950F2A3B7D4600411B25 /* Sources */ = {
			isa = PBXSourcesBuildPhase;
			buildActionMask = 2147483647;
			files = (
				D33A951B2A3B7D4600411B25 /* ViewController.swift in Sources */,
				D33A95172A3B7D4600411B25 /* AppDelegate.swift in Sources */,
				D33A95192A3B7D4600411B25 /* SceneDelegate.swift in Sources */,
			);
			runOnlyForDeploymentPostprocessing = 0;
		};
		D33A95252A3B7D4C00411B25 /* Sources */ = {
			isa = PBXSourcesBuildPhase;
			buildActionMask = 2147483647;
			files = (
				D33A952E2A3B7D4C00411B25 /* First_ProjectTests.swift in Sources */,
			);
			runOnlyForDeploymentPostprocessing = 0;
		};
		D33A952F2A3B7D4C00411B25 /* Sources */ = {
			isa = PBXSourcesBuildPhase;
			buildActionMask = 2147483647;
			files = (
				D33A95382A3B7D4C00411B25 /* First_ProjectUITests.swift in Sources */,
				D33A953A2A3B7D4C00411B25 /* First_ProjectUITestsLaunchTests.swift in Sources */,
			);
			runOnlyForDeploymentPostprocessing = 0;
		};
/* End PBXSourcesBuildPhase section */

/* Begin PBXTargetDependency section */
		D33A952B2A3B7D4C00411B25 /* PBXTargetDependency */ = {
			isa = PBXTargetDependency;
			target = D33A95122A3B7D4600411B25 /* First Project */;
			targetProxy = D33A952A2A3B7D4C00411B25 /* PBXContainerItemProxy */;
		};
		D33A95352A3B7D4C00411B25 /* PBXTargetDependency */ = {
			isa = PBXTargetDependency;
			target = D33A95122A3B7D4600411B25 /* First Project */;
			targetProxy = D33A95342A3B7D4C00411B25 /* PBXContainerItemProxy */;
		};
/* End PBXTargetDependency section */

/* Begin PBXVariantGroup section */
		D33A951C2A3B7D4600411B25 /* Main.storyboard */ = {
			isa = PBXVariantGroup;
			children = (
				D33A951D2A3B7D4600411B25 /* Base */,
			);
			name = Main.storyboard;
			sourceTree = "<group>";
		};
		D33A95212A3B7D4C00411B25 /* LaunchScreen.storyboard */ = {
			isa = PBXVariantGroup;
			children = (
				D33A95222A3B7D4C00411B25 /* Base */,
			);
			name = LaunchScreen.storyboard;
			sourceTree = "<group>";
		};
/* End PBXVariantGroup section */

/* Begin XCBuildConfiguration section */
		D33A953B2A3B7D4C00411B25 /* Debug */ = {
			isa = XCBuildConfiguration;
			buildSettings = {
				ALWAYS_SEARCH_USER_PATHS = NO;
				CLANG_ANALYZER_NONNULL = YES;
				CLANG_ANALYZER_NUMBER_OBJECT_CONVERSION = YES_AGGRESSIVE;
				CLANG_CXX_LANGUAGE_STANDARD = "gnu++20";
				CLANG_ENABLE_MODULES = YES;
				CLANG_ENABLE_OBJC_ARC = YES;
				CLANG_ENABLE_OBJC_WEAK = YES;
				CLANG_WARN_BLOCK_CAPTURE_AUTORELEASING = YES;
				CLANG_WARN_BOOL_CONVERSION = YES;
				CLANG_WARN_COMMA = YES;
				CLANG_WARN_CONSTANT_CONVERSION = YES;
				CLANG_WARN_DEPRECATED_OBJC_IMPLEMENTATIONS = YES;
				CLANG_WARN_DIRECT_OBJC_ISA_USAGE = YES_ERROR;
				CLANG_WARN_DOCUMENTATION_COMMENTS = YES;
				CLANG_WARN_EMPTY_BODY = YES;
				CLANG_WARN_ENUM_CONVERSION = YES;
				CLANG_WARN_INFINITE_RECURSION = YES;
				CLANG_WARN_INT_CONVERSION = YES;
				CLANG_WARN_NON_LITERAL_NULL_CONVERSION = YES;
				CLANG_WARN_OBJC_IMPLICIT_RETAIN_SELF = YES;
				CLANG_WARN_OBJC_LITERAL_CONVERSION = YES;
				CLANG_WARN_OBJC_ROOT_CLASS = YES_ERROR;
				CLANG_WARN_QUOTED_INCLUDE_IN_FRAMEWORK_HEADER = YES;
				CLANG_WARN_RANGE_LOOP_ANALYSIS = YES;
				CLANG_WARN_STRICT_PROTOTYPES = YES;
				CLANG_WARN_SUSPICIOUS_MOVE = YES;
				CLANG_WARN_UNGUARDED_AVAILABILITY = YES_AGGRESSIVE;
				CLANG_WARN_UNREACHABLE_CODE = YES;
				CLANG_WARN__DUPLICATE_METHOD_MATCH = YES;
				COPY_PHASE_STRIP = NO;
				DEBUG_INFORMATION_FORMAT = dwarf;
				ENABLE_STRICT_OBJC_MSGSEND = YES;
				ENABLE_TESTABILITY = YES;
				GCC_C_LANGUAGE_STANDARD = gnu11;
				GCC_DYNAMIC_NO_PIC = NO;
				GCC_NO_COMMON_BLOCKS = YES;
				GCC_OPTIMIZATION_LEVEL = 0;
				GCC_PREPROCESSOR_DEFINITIONS = (
					"DEBUG=1",
					"$(inherited)",
				);
				GCC_WARN_64_TO_32_BIT_CONVERSION = YES;
				GCC_WARN_ABOUT_RETURN_TYPE = YES_ERROR;
				GCC_WARN_UNDECLARED_SELECTOR = YES;
				GCC_WARN_UNINITIALIZED_AUTOS = YES_AGGRESSIVE;
				GCC_WARN_UNUSED_FUNCTION = YES;
				GCC_WARN_UNUSED_VARIABLE = YES;
				IPHONEOS_DEPLOYMENT_TARGET = 16.4;
				MTL_ENABLE_DEBUG_INFO = INCLUDE_SOURCE;
				MTL_FAST_MATH = YES;
				ONLY_ACTIVE_ARCH = YES;
				SDKROOT = iphoneos;
				SWIFT_ACTIVE_COMPILATION_CONDITIONS = DEBUG;
				SWIFT_OPTIMIZATION_LEVEL = "-Onone";
			};
			name = Debug;
		};
		D33A953C2A3B7D4C00411B25 /* Release */ = {
			isa = XCBuildConfiguration;
			buildSettings = {
				ALWAYS_SEARCH_USER_PATHS = NO;
				CLANG_ANALYZER_NONNULL = YES;
				CLANG_ANALYZER_NUMBER_OBJECT_CONVERSION = YES_AGGRESSIVE;
				CLANG_CXX_LANGUAGE_STANDARD = "gnu++20";
				CLANG_ENABLE_MODULES = YES;
				CLANG_ENABLE_OBJC_ARC = YES;
				CLANG_ENABLE_OBJC_WEAK = YES;
				CLANG_WARN_BLOCK_CAPTURE_AUTORELEASING = YES;
				CLANG_WARN_BOOL_CONVERSION = YES;
				CLANG_WARN_COMMA = YES;
				CLANG_WARN_CONSTANT_CONVERSION = YES;
				CLANG_WARN_DEPRECATED_OBJC_IMPLEMENTATIONS = YES;
				CLANG_WARN_DIRECT_OBJC_ISA_USAGE = YES_ERROR;
				CLANG_WARN_DOCUMENTATION_COMMENTS = YES;
				CLANG_WARN_EMPTY_BODY = YES;
				CLANG_WARN_ENUM_CONVERSION = YES;
				CLANG_WARN_INFINITE_RECURSION = YES;
				CLANG_WARN_INT_CONVERSION = YES;
				CLANG_WARN_NON_LITERAL_NULL_CONVERSION = YES;
				CLANG_WARN_OBJC_IMPLICIT_RETAIN_SELF = YES;
				CLANG_WARN_OBJC_LITERAL_CONVERSION = YES;
				CLANG_WARN_OBJC_ROOT_CLASS = YES_ERROR;
				CLANG_WARN_QUOTED_INCLUDE_IN_FRAMEWORK_HEADER = YES;
				CLANG_WARN_RANGE_LOOP_ANALYSIS = YES;
				CLANG_WARN_STRICT_PROTOTYPES = YES;
				CLANG_WARN_SUSPICIOUS_MOVE = YES;
				CLANG_WARN_UNGUARDED_AVAILABILITY = YES_AGGRESSIVE;
				CLANG_WARN_UNREACHABLE_CODE = YES;
				CLANG_WARN__DUPLICATE_METHOD_MATCH = YES;
				COPY_PHASE_STRIP = NO;
				DEBUG_INFORMATION_FORMAT = "dwarf-with-dsym";
				ENABLE_NS_ASSERTIONS = NO;
				ENABLE_STRICT_OBJC_MSGSEND = YES;
				GCC_C_LANGUAGE_STANDARD = gnu11;
				GCC_NO_COMMON_BLOCKS = YES;
				GCC_WARN_64_TO_32_BIT_CONVERSION = YES;
				GCC_WARN_ABOUT_RETURN_TYPE = YES_ERROR;
				GCC_WARN_UNDECLARED_SELECTOR = YES;
				GCC_WARN_UNINITIALIZED_AUTOS = YES_AGGRESSIVE;
				GCC_WARN_UNUSED_FUNCTION = YES;
				GCC_WARN_UNUSED_VARIABLE = YES;
				IPHONEOS_DEPLOYMENT_TARGET = 16.4;
				MTL_ENABLE_DEBUG_INFO = NO;
				MTL_FAST_MATH = YES;
				SDKROOT = iphoneos;
				SWIFT_COMPILATION_MODE = wholemodule;
				SWIFT_OPTIMIZATION_LEVEL = "-O";
				VALIDATE_PRODUCT = YES;
			};
			name = Release;
		};
		D33A953E2A3B7D4C00411B25 /* Debug */ = {
			isa = XCBuildConfiguration;
			buildSettings = {
				ASSETCATALOG_COMPILER_APPICON_NAME = AppIcon;
				ASSETCATALOG_COMPILER_GLOBAL_ACCENT_COLOR_NAME = AccentColor;
				CODE_SIGN_STYLE = Automatic;
				CURRENT_PROJECT_VERSION = 1;
				GENERATE_INFOPLIST_FILE = YES;
				INFOPLIST_FILE = "First Project/Info.plist";
				INFOPLIST_KEY_UIApplicationSupportsIndirectInputEvents = YES;
				INFOPLIST_KEY_UILaunchStoryboardName = LaunchScreen;
				INFOPLIST_KEY_UIMainStoryboardFile = Main;
				INFOPLIST_KEY_UISupportedInterfaceOrientations_iPad = "UIInterfaceOrientationPortrait UIInterfaceOrientationPortraitUpsideDown UIInterfaceOrientationLandscapeLeft UIInterfaceOrientationLandscapeRight";
				INFOPLIST_KEY_UISupportedInterfaceOrientations_iPhone = "UIInterfaceOrientationPortrait UIInterfaceOrientationLandscapeLeft UIInterfaceOrientationLandscapeRight";
				LD_RUNPATH_SEARCH_PATHS = (
					"$(inherited)",
					"@executable_path/Frameworks",
				);
				MARKETING_VERSION = 1.0;
				PRODUCT_BUNDLE_IDENTIFIER = "test.First-Project";
				PRODUCT_NAME = "$(TARGET_NAME)";
				SWIFT_EMIT_LOC_STRINGS = YES;
				SWIFT_VERSION = 5.0;
				TARGETED_DEVICE_FAMILY = "1,2";
			};
			name = Debug;
		};
		D33A953F2A3B7D4C00411B25 /* Release */ = {
			isa = XCBuildConfiguration;
			buildSettings = {
				ASSETCATALOG_COMPILER_APPICON_NAME = AppIcon;
				ASSETCATALOG_COMPILER_GLOBAL_ACCENT_COLOR_NAME = AccentColor;
				CODE_SIGN_STYLE = Automatic;
				CURRENT_PROJECT_VERSION = 1;
				GENERATE_INFOPLIST_FILE = YES;
				INFOPLIST_FILE = "First Project/Info.plist";
				INFOPLIST_KEY_UIApplicationSupportsIndirectInputEvents = YES;
				INFOPLIST_KEY_UILaunchStoryboardName = LaunchScreen;
				INFOPLIST_KEY_UIMainStoryboardFile = Main;
				INFOPLIST_KEY_UISupportedInterfaceOrientations_iPad = "UIInterfaceOrientationPortrait UIInterfaceOrientationPortraitUpsideDown UIInterfaceOrientationLandscapeLeft UIInterfaceOrientationLandscapeRight";
				INFOPLIST_KEY_UISupportedInterfaceOrientations_iPhone = "UIInterfaceOrientationPortrait UIInterfaceOrientationLandscapeLeft UIInterfaceOrientationLandscapeRight";
				LD_RUNPATH_SEARCH_PATHS = (
					"$(inherited)",
					"@executable_path/Frameworks",
				);
				MARKETING_VERSION = 1.0;
				PRODUCT_BUNDLE_IDENTIFIER = "test.First-Project";
				PRODUCT_NAME = "$(TARGET_NAME)";
				SWIFT_EMIT_LOC_STRINGS = YES;
				SWIFT_VERSION = 5.0;
				TARGETED_DEVICE_FAMILY = "1,2";
			};
			name = Release;
		};
		D33A95412A3B7D4C00411B25 /* Debug */ = {
			isa = XCBuildConfiguration;
			buildSettings = {
				ALWAYS_EMBED_SWIFT_STANDARD_LIBRARIES = YES;
				BUNDLE_LOADER = "$(TEST_HOST)";
				CODE_SIGN_STYLE = Automatic;
				CURRENT_PROJECT_VERSION = 1;
				GENERATE_INFOPLIST_FILE = YES;
				IPHONEOS_DEPLOYMENT_TARGET = 16.4;
				MARKETING_VERSION = 1.0;
				PRODUCT_BUNDLE_IDENTIFIER = "test.First-ProjectTests";
				PRODUCT_NAME = "$(TARGET_NAME)";
				SWIFT_EMIT_LOC_STRINGS = NO;
				SWIFT_VERSION = 5.0;
				TARGETED_DEVICE_FAMILY = "1,2";
				TEST_HOST = "$(BUILT_PRODUCTS_DIR)/First Project.app/$(BUNDLE_EXECUTABLE_FOLDER_PATH)/First Project";
			};
			name = Debug;
		};
		D33A95422A3B7D4C00411B25 /* Release */ = {
			isa = XCBuildConfiguration;
			buildSettings = {
				ALWAYS_EMBED_SWIFT_STANDARD_LIBRARIES = YES;
				BUNDLE_LOADER = "$(TEST_HOST)";
				CODE_SIGN_STYLE = Automatic;
				CURRENT_PROJECT_VERSION = 1;
				GENERATE_INFOPLIST_FILE = YES;
				IPHONEOS_DEPLOYMENT_TARGET = 16.4;
				MARKETING_VERSION = 1.0;
				PRODUCT_BUNDLE_IDENTIFIER = "test.First-ProjectTests";
				PRODUCT_NAME = "$(TARGET_NAME)";
				SWIFT_EMIT_LOC_STRINGS = NO;
				SWIFT_VERSION = 5.0;
				TARGETED_DEVICE_FAMILY = "1,2";
				TEST_HOST = "$(BUILT_PRODUCTS_DIR)/First Project.app/$(BUNDLE_EXECUTABLE_FOLDER_PATH)/First Project";
			};
			name = Release;
		};
		D33A95442A3B7D4C00411B25 /* Debug */ = {
			isa = XCBuildConfiguration;
			buildSettings = {
				ALWAYS_EMBED_SWIFT_STANDARD_LIBRARIES = YES;
				CODE_SIGN_STYLE = Automatic;
				CURRENT_PROJECT_VERSION = 1;
				GENERATE_INFOPLIST_FILE = YES;
				MARKETING_VERSION = 1.0;
				PRODUCT_BUNDLE_IDENTIFIER = "test.First-ProjectUITests";
				PRODUCT_NAME = "$(TARGET_NAME)";
				SWIFT_EMIT_LOC_STRINGS = NO;
				SWIFT_VERSION = 5.0;
				TARGETED_DEVICE_FAMILY = "1,2";
				TEST_TARGET_NAME = "First Project";
			};
			name = Debug;
		};
		D33A95452A3B7D4C00411B25 /* Release */ = {
			isa = XCBuildConfiguration;
			buildSettings = {
				ALWAYS_EMBED_SWIFT_STANDARD_LIBRARIES = YES;
				CODE_SIGN_STYLE = Automatic;
				CURRENT_PROJECT_VERSION = 1;
				GENERATE_INFOPLIST_FILE = YES;
				MARKETING_VERSION = 1.0;
				PRODUCT_BUNDLE_IDENTIFIER = "test.First-ProjectUITests";
				PRODUCT_NAME = "$(TARGET_NAME)";
				SWIFT_EMIT_LOC_STRINGS = NO;
				SWIFT_VERSION = 5.0;
				TARGETED_DEVICE_FAMILY = "1,2";
				TEST_TARGET_NAME = "First Project";
			};
			name = Release;
		};
/* End XCBuildConfiguration section */

/* Begin XCConfigurationList section */
		D33A950E2A3B7D4600411B25 /* Build configuration list for PBXProject "First Project" */ = {
			isa = XCConfigurationList;
			buildConfigurations = (
				D33A953B2A3B7D4C00411B25 /* Debug */,
				D33A953C2A3B7D4C00411B25 /* Release */,
			);
			defaultConfigurationIsVisible = 0;
			defaultConfigurationName = Release;
		};
		D33A953D2A3B7D4C00411B25 /* Build configuration list for PBXNativeTarget "First Project" */ = {
			isa = XCConfigurationList;
			buildConfigurations = (
				D33A953E2A3B7D4C00411B25 /* Debug */,
				D33A953F2A3B7D4C00411B25 /* Release */,
			);
			defaultConfigurationIsVisible = 0;
			defaultConfigurationName = Release;
		};
		D33A95402A3B7D4C00411B25 /* Build configuration list for PBXNativeTarget "First ProjectTests" */ = {
			isa = XCConfigurationList;
			buildConfigurations = (
				D33A95412A3B7D4C00411B25 /* Debug */,
				D33A95422A3B7D4C00411B25 /* Release */,
			);
			defaultConfigurationIsVisible = 0;
			defaultConfigurationName = Release;
		};
		D33A95432A3B7D4C00411B25 /* Build configuration list for PBXNativeTarget "First ProjectUITests" */ = {
			isa = XCConfigurationList;
			buildConfigurations = (
				D33A95442A3B7D4C00411B25 /* Debug */,
				D33A95452A3B7D4C00411B25 /* Release */,
			);
			defaultConfigurationIsVisible = 0;
			defaultConfigurationName = Release;
		};
/* End XCConfigurationList section */
	};
	rootObject = D33A950B2A3B7D4600411B25 /* Project object */;
}
